
Microsoft Visual Studio Solution File, Format Version 12.00
# Visual Studio 15
VisualStudioVersion = 15.0.28010.2003
MinimumVisualStudioVersion = 10.0.40219.1
Project("{FAE04EC0-301F-11D3-BF4B-00C04F79EFBC}") = "Transformations", "Transformations\Transformations.csproj", "{E1CEE400-A6AB-47BB-9B22-039E0EEC1920}"
EndProject
Project("{FAE04EC0-301F-11D3-BF4B-00C04F79EFBC}") = "Tests", "Tests\Tests.csproj", "{2157216E-6E03-48DD-B74D-8AF01EE77AF9}"
EndProject
Global
	GlobalSection(SolutionConfigurationPlatforms) = preSolution
		Debug|Any CPU = Debug|Any CPU
		Release|Any CPU = Release|Any CPU
	EndGlobalSection
	GlobalSection(ProjectConfigurationPlatforms) = postSolution
		{E1CEE400-A6AB-47BB-9B22-039E0EEC1920}.Debug|Any CPU.ActiveCfg = Debug|Any CPU
		{E1CEE400-A6AB-47BB-9B22-039E0EEC1920}.Debug|Any CPU.Build.0 = Debug|Any CPU
		{E1CEE400-A6AB-47BB-9B22-039E0EEC1920}.Release|Any CPU.ActiveCfg = Release|Any CPU
		{E1CEE400-A6AB-47BB-9B22-039E0EEC1920}.Release|Any CPU.Build.0 = Release|Any CPU
		{2157216E-6E03-48DD-B74D-8AF01EE77AF9}.Debug|Any CPU.ActiveCfg = Debug|Any CPU
		{2157216E-6E03-48DD-B74D-8AF01EE77AF9}.Debug|Any CPU.Build.0 = Debug|Any CPU
		{2157216E-6E03-48DD-B74D-8AF01EE77AF9}.Release|Any CPU.ActiveCfg = Release|Any CPU
		{2157216E-6E03-48DD-B74D-8AF01EE77AF9}.Release|Any CPU.Build.0 = Release|Any CPU
	EndGlobalSection
	GlobalSection(SolutionProperties) = preSolution
		HideSolutionNode = FALSE
	EndGlobalSection
	GlobalSection(ExtensibilityGlobals) = postSolution
		SolutionGuid = {3CA85E73-3922-40D6-BFF8-74D12BA97A5D}
	EndGlobalSection
EndGlobal
